
Microsoft Visual Studio Solution File, Format Version 12.00
# Visual Studio Version 16
VisualStudioVersion = 16.0.31112.23
MinimumVisualStudioVersion = 10.0.40219.1
Project("{FAE04EC0-301F-11D3-BF4B-00C04F79EFBC}") = "TestServer", "TestServer\TestServer.csproj", "{9EE19859-09D4-4464-A25E-8564151D0660}"
EndProject
Project("{FAE04EC0-301F-11D3-BF4B-00C04F79EFBC}") = "Repository", "Repository\Repository.csproj", "{FF074615-E2B2-4791-A760-07D1704488C3}"
EndProject
Project("{FAE04EC0-301F-11D3-BF4B-00C04F79EFBC}") = "DALServer", "DALServer\DALServer.csproj", "{64C3C4DE-C2E1-4C50-994D-0F9E1A0A303B}"
EndProject
Project("{FAE04EC0-301F-11D3-BF4B-00C04F79EFBC}") = "MessageServerClient", "MessageServerClient\MessageServerClient.csproj", "{35233575-AA0B-43E2-8225-CA828C0973D6}"
EndProject
Global
	GlobalSection(SolutionConfigurationPlatforms) = preSolution
		Debug|Any CPU = Debug|Any CPU
		Release|Any CPU = Release|Any CPU
	EndGlobalSection
	GlobalSection(ProjectConfigurationPlatforms) = postSolution
		{9EE19859-09D4-4464-A25E-8564151D0660}.Debug|Any CPU.ActiveCfg = Debug|Any CPU
		{9EE19859-09D4-4464-A25E-8564151D0660}.Debug|Any CPU.Build.0 = Debug|Any CPU
		{9EE19859-09D4-4464-A25E-8564151D0660}.Release|Any CPU.ActiveCfg = Release|Any CPU
		{9EE19859-09D4-4464-A25E-8564151D0660}.Release|Any CPU.Build.0 = Release|Any CPU
		{FF074615-E2B2-4791-A760-07D1704488C3}.Debug|Any CPU.ActiveCfg = Debug|Any CPU
		{FF074615-E2B2-4791-A760-07D1704488C3}.Debug|Any CPU.Build.0 = Debug|Any CPU
		{FF074615-E2B2-4791-A760-07D1704488C3}.Release|Any CPU.ActiveCfg = Release|Any CPU
		{FF074615-E2B2-4791-A760-07D1704488C3}.Release|Any CPU.Build.0 = Release|Any CPU
		{64C3C4DE-C2E1-4C50-994D-0F9E1A0A303B}.Debug|Any CPU.ActiveCfg = Debug|Any CPU
		{64C3C4DE-C2E1-4C50-994D-0F9E1A0A303B}.Debug|Any CPU.Build.0 = Debug|Any CPU
		{64C3C4DE-C2E1-4C50-994D-0F9E1A0A303B}.Release|Any CPU.ActiveCfg = Release|Any CPU
		{64C3C4DE-C2E1-4C50-994D-0F9E1A0A303B}.Release|Any CPU.Build.0 = Release|Any CPU
		{35233575-AA0B-43E2-8225-CA828C0973D6}.Debug|Any CPU.ActiveCfg = Debug|Any CPU
		{35233575-AA0B-43E2-8225-CA828C0973D6}.Debug|Any CPU.Build.0 = Debug|Any CPU
		{35233575-AA0B-43E2-8225-CA828C0973D6}.Release|Any CPU.ActiveCfg = Release|Any CPU
		{35233575-AA0B-43E2-8225-CA828C0973D6}.Release|Any CPU.Build.0 = Release|Any CPU
	EndGlobalSection
	GlobalSection(SolutionProperties) = preSolution
		HideSolutionNode = FALSE
	EndGlobalSection
	GlobalSection(ExtensibilityGlobals) = postSolution
		SolutionGuid = {26004A63-3F32-4483-8A44-D8D7E6FC954E}
	EndGlobalSection
EndGlobal
